
Microsoft Visual Studio Solution File, Format Version 12.00
# Visual Studio 15
VisualStudioVersion = 15.0.27428.1
MinimumVisualStudioVersion = 10.0.40219.1
Project("{FAE04EC0-301F-11D3-BF4B-00C04F79EFBC}") = "The141", "The141\The141.csproj", "{5E7137CF-B3A8-45FD-A622-176E51E49926}"
EndProject
Global
	GlobalSection(SolutionConfigurationPlatforms) = preSolution
		Debug|Any CPU = Debug|Any CPU
		Release|Any CPU = Release|Any CPU
	EndGlobalSection
	GlobalSection(ProjectConfigurationPlatforms) = postSolution
		{5E7137CF-B3A8-45FD-A622-176E51E49926}.Debug|Any CPU.ActiveCfg = Debug|Any CPU
		{5E7137CF-B3A8-45FD-A622-176E51E49926}.Debug|Any CPU.Build.0 = Debug|Any CPU
		{5E7137CF-B3A8-45FD-A622-176E51E49926}.Release|Any CPU.ActiveCfg = Release|Any CPU
		{5E7137CF-B3A8-45FD-A622-176E51E49926}.Release|Any CPU.Build.0 = Release|Any CPU
	EndGlobalSection
	GlobalSection(SolutionProperties) = preSolution
		HideSolutionNode = FALSE
	EndGlobalSection
	GlobalSection(ExtensibilityGlobals) = postSolution
		SolutionGuid = {13F9A5F9-AA9E-4D9F-8075-D0E0332CA300}
	EndGlobalSection
EndGlobal
